
Microsoft Visual Studio Solution File, Format Version 12.00
# Visual Studio Version 17
VisualStudioVersion = 17.13.35806.99 d17.13
MinimumVisualStudioVersion = 10.0.40219.1
Project("{FAE04EC0-301F-11D3-BF4B-00C04F79EFBC}") = "testeTecnicoCOmMaui", "testeTecnicoCOmMaui\testeTecnicoCOmMaui.csproj", "{01C3FE65-736C-468C-A776-45D57C3EF346}"
EndProject
Global
	GlobalSection(SolutionConfigurationPlatforms) = preSolution
		Debug|Any CPU = Debug|Any CPU
		Release|Any CPU = Release|Any CPU
	EndGlobalSection
	GlobalSection(ProjectConfigurationPlatforms) = postSolution
		{01C3FE65-736C-468C-A776-45D57C3EF346}.Debug|Any CPU.ActiveCfg = Debug|Any CPU
		{01C3FE65-736C-468C-A776-45D57C3EF346}.Debug|Any CPU.Build.0 = Debug|Any CPU
		{01C3FE65-736C-468C-A776-45D57C3EF346}.Release|Any CPU.ActiveCfg = Release|Any CPU
		{01C3FE65-736C-468C-A776-45D57C3EF346}.Release|Any CPU.Build.0 = Release|Any CPU
	EndGlobalSection
	GlobalSection(SolutionProperties) = preSolution
		HideSolutionNode = FALSE
	EndGlobalSection
	GlobalSection(ExtensibilityGlobals) = postSolution
		SolutionGuid = {BB61679A-6F4B-4C44-BF6C-13A1ED4E66C5}
	EndGlobalSection
EndGlobal
